// !$*UTF8*$!
{
	archiveVersion = 1;
	classes = {
	};
	objectVersion = 56;
	objects = {

/* Begin PBXBuildFile section */
		0A9F42B42CA1C28F0091EBD7 /* GitHubRepoViewer_MVVM_RepositoryApp.swift in Sources */ = {isa = PBXBuildFile; fileRef = 0A9F42B32CA1C28F0091EBD7 /* GitHubRepoViewer_MVVM_RepositoryApp.swift */; };
		0A9F42B62CA1C28F0091EBD7 /* RepositoryListView.swift in Sources */ = {isa = PBXBuildFile; fileRef = 0A9F42B52CA1C28F0091EBD7 /* RepositoryListView.swift */; };
		0A9F42B82CA1C2900091EBD7 /* Assets.xcassets in Resources */ = {isa = PBXBuildFile; fileRef = 0A9F42B72CA1C2900091EBD7 /* Assets.xcassets */; };
		0A9F42BB2CA1C2900091EBD7 /* Preview Assets.xcassets in Resources */ = {isa = PBXBuildFile; fileRef = 0A9F42BA2CA1C2900091EBD7 /* Preview Assets.xcassets */; };
		0AC69E362CA91E5F000F59CC /* Repository.swift in Sources */ = {isa = PBXBuildFile; fileRef = 0AC69E352CA91E5F000F59CC /* Repository.swift */; };
		0AC69E382CA91E66000F59CC /* User.swift in Sources */ = {isa = PBXBuildFile; fileRef = 0AC69E372CA91E66000F59CC /* User.swift */; };
		0AC69E3B2CA92EA3000F59CC /* RepositoryRow.swift in Sources */ = {isa = PBXBuildFile; fileRef = 0AC69E3A2CA92EA3000F59CC /* RepositoryRow.swift */; };
		0AC69E3D2CA92FD3000F59CC /* RepositoryDetailView.swift in Sources */ = {isa = PBXBuildFile; fileRef = 0AC69E3C2CA92FD3000F59CC /* RepositoryDetailView.swift */; };
		0AC69E412CA93245000F59CC /* Repository+Mock.swift in Sources */ = {isa = PBXBuildFile; fileRef = 0AC69E402CA93245000F59CC /* Repository+Mock.swift */; };
		0AC69E432CA934D7000F59CC /* User+Mock.swift in Sources */ = {isa = PBXBuildFile; fileRef = 0AC69E422CA934D7000F59CC /* User+Mock.swift */; };
/* End PBXBuildFile section */

/* Begin PBXFileReference section */
		0A9F42B02CA1C28F0091EBD7 /* GitHubRepoViewer-MVVM-Repository.app */ = {isa = PBXFileReference; explicitFileType = wrapper.application; includeInIndex = 0; path = "GitHubRepoViewer-MVVM-Repository.app"; sourceTree = BUILT_PRODUCTS_DIR; };
		0A9F42B32CA1C28F0091EBD7 /* GitHubRepoViewer_MVVM_RepositoryApp.swift */ = {isa = PBXFileReference; lastKnownFileType = sourcecode.swift; path = GitHubRepoViewer_MVVM_RepositoryApp.swift; sourceTree = "<group>"; };
		0A9F42B52CA1C28F0091EBD7 /* RepositoryListView.swift */ = {isa = PBXFileReference; lastKnownFileType = sourcecode.swift; path = RepositoryListView.swift; sourceTree = "<group>"; };
		0A9F42B72CA1C2900091EBD7 /* Assets.xcassets */ = {isa = PBXFileReference; lastKnownFileType = folder.assetcatalog; path = Assets.xcassets; sourceTree = "<group>"; };
		0A9F42BA2CA1C2900091EBD7 /* Preview Assets.xcassets */ = {isa = PBXFileReference; lastKnownFileType = folder.assetcatalog; path = "Preview Assets.xcassets"; sourceTree = "<group>"; };
		0AC69E352CA91E5F000F59CC /* Repository.swift */ = {isa = PBXFileReference; lastKnownFileType = sourcecode.swift; path = Repository.swift; sourceTree = "<group>"; };
		0AC69E372CA91E66000F59CC /* User.swift */ = {isa = PBXFileReference; lastKnownFileType = sourcecode.swift; path = User.swift; sourceTree = "<group>"; };
		0AC69E3A2CA92EA3000F59CC /* RepositoryRow.swift */ = {isa = PBXFileReference; lastKnownFileType = sourcecode.swift; path = RepositoryRow.swift; sourceTree = "<group>"; };
		0AC69E3C2CA92FD3000F59CC /* RepositoryDetailView.swift */ = {isa = PBXFileReference; lastKnownFileType = sourcecode.swift; path = RepositoryDetailView.swift; sourceTree = "<group>"; };
		0AC69E402CA93245000F59CC /* Repository+Mock.swift */ = {isa = PBXFileReference; lastKnownFileType = sourcecode.swift; path = "Repository+Mock.swift"; sourceTree = "<group>"; };
		0AC69E422CA934D7000F59CC /* User+Mock.swift */ = {isa = PBXFileReference; lastKnownFileType = sourcecode.swift; path = "User+Mock.swift"; sourceTree = "<group>"; };
/* End PBXFileReference section */

/* Begin PBXFrameworksBuildPhase section */
		0A9F42AD2CA1C28F0091EBD7 /* Frameworks */ = {
			isa = PBXFrameworksBuildPhase;
			buildActionMask = 2147483647;
			files = (
			);
			runOnlyForDeploymentPostprocessing = 0;
		};
/* End PBXFrameworksBuildPhase section */

/* Begin PBXGroup section */
		0A9F42A72CA1C28F0091EBD7 = {
			isa = PBXGroup;
			children = (
				0A9F42B22CA1C28F0091EBD7 /* GitHubRepoViewer-MVVM-Repository */,
				0A9F42B12CA1C28F0091EBD7 /* Products */,
			);
			sourceTree = "<group>";
		};
		0A9F42B12CA1C28F0091EBD7 /* Products */ = {
			isa = PBXGroup;
			children = (
				0A9F42B02CA1C28F0091EBD7 /* GitHubRepoViewer-MVVM-Repository.app */,
			);
			name = Products;
			sourceTree = "<group>";
		};
		0A9F42B22CA1C28F0091EBD7 /* GitHubRepoViewer-MVVM-Repository */ = {
			isa = PBXGroup;
			children = (
				0A9F42B32CA1C28F0091EBD7 /* GitHubRepoViewer_MVVM_RepositoryApp.swift */,
				0AC69E3E2CA9302C000F59CC /* Views */,
				0A9F42B72CA1C2900091EBD7 /* Assets.xcassets */,
				0A9F42B92CA1C2900091EBD7 /* Preview Content */,
				0AC69E392CA91E75000F59CC /* Model */,
			);
			path = "GitHubRepoViewer-MVVM-Repository";
			sourceTree = "<group>";
		};
		0A9F42B92CA1C2900091EBD7 /* Preview Content */ = {
			isa = PBXGroup;
			children = (
				0AC69E3F2CA9322A000F59CC /* Mocks */,
				0A9F42BA2CA1C2900091EBD7 /* Preview Assets.xcassets */,
			);
			path = "Preview Content";
			sourceTree = "<group>";
		};
		0AC69E392CA91E75000F59CC /* Model */ = {
			isa = PBXGroup;
			children = (
				0AC69E352CA91E5F000F59CC /* Repository.swift */,
				0AC69E372CA91E66000F59CC /* User.swift */,
			);
			path = Model;
			sourceTree = "<group>";
		};
		0AC69E3E2CA9302C000F59CC /* Views */ = {
			isa = PBXGroup;
			children = (
				0A9F42B52CA1C28F0091EBD7 /* RepositoryListView.swift */,
				0AC69E3A2CA92EA3000F59CC /* RepositoryRow.swift */,
				0AC69E3C2CA92FD3000F59CC /* RepositoryDetailView.swift */,
			);
			path = Views;
			sourceTree = "<group>";
		};
		0AC69E3F2CA9322A000F59CC /* Mocks */ = {
			isa = PBXGroup;
			children = (
				0AC69E402CA93245000F59CC /* Repository+Mock.swift */,
				0AC69E422CA934D7000F59CC /* User+Mock.swift */,
			);
			path = Mocks;
			sourceTree = "<group>";
		};
/* End PBXGroup section */

/* Begin PBXNativeTarget section */
		0A9F42AF2CA1C28F0091EBD7 /* GitHubRepoViewer-MVVM-Repository */ = {
			isa = PBXNativeTarget;
			buildConfigurationList = 0A9F42BE2CA1C2900091EBD7 /* Build configuration list for PBXNativeTarget "GitHubRepoViewer-MVVM-Repository" */;
			buildPhases = (
				0A9F42AC2CA1C28F0091EBD7 /* Sources */,
				0A9F42AD2CA1C28F0091EBD7 /* Frameworks */,
				0A9F42AE2CA1C28F0091EBD7 /* Resources */,
			);
			buildRules = (
			);
			dependencies = (
			);
			name = "GitHubRepoViewer-MVVM-Repository";
			productName = "GitHubRepoViewer-MVVM-Repository";
			productReference = 0A9F42B02CA1C28F0091EBD7 /* GitHubRepoViewer-MVVM-Repository.app */;
			productType = "com.apple.product-type.application";
		};
/* End PBXNativeTarget section */

/* Begin PBXProject section */
		0A9F42A82CA1C28F0091EBD7 /* Project object */ = {
			isa = PBXProject;
			attributes = {
				BuildIndependentTargetsInParallel = 1;
				LastSwiftUpdateCheck = 1420;
				LastUpgradeCheck = 1420;
				TargetAttributes = {
					0A9F42AF2CA1C28F0091EBD7 = {
						CreatedOnToolsVersion = 14.2;
					};
				};
			};
			buildConfigurationList = 0A9F42AB2CA1C28F0091EBD7 /* Build configuration list for PBXProject "GitHubRepoViewer-MVVM-Repository" */;
			compatibilityVersion = "Xcode 14.0";
			developmentRegion = en;
			hasScannedForEncodings = 0;
			knownRegions = (
				en,
				Base,
			);
			mainGroup = 0A9F42A72CA1C28F0091EBD7;
			productRefGroup = 0A9F42B12CA1C28F0091EBD7 /* Products */;
			projectDirPath = "";
			projectRoot = "";
			targets = (
				0A9F42AF2CA1C28F0091EBD7 /* GitHubRepoViewer-MVVM-Repository */,
			);
		};
/* End PBXProject section */

/* Begin PBXResourcesBuildPhase section */
		0A9F42AE2CA1C28F0091EBD7 /* Resources */ = {
			isa = PBXResourcesBuildPhase;
			buildActionMask = 2147483647;
			files = (
				0A9F42BB2CA1C2900091EBD7 /* Preview Assets.xcassets in Resources */,
				0A9F42B82CA1C2900091EBD7 /* Assets.xcassets in Resources */,
			);
			runOnlyForDeploymentPostprocessing = 0;
		};
/* End PBXResourcesBuildPhase section */

/* Begin PBXSourcesBuildPhase section */
		0A9F42AC2CA1C28F0091EBD7 /* Sources */ = {
			isa = PBXSourcesBuildPhase;
			buildActionMask = 2147483647;
			files = (
				0AC69E382CA91E66000F59CC /* User.swift in Sources */,
				0AC69E3B2CA92EA3000F59CC /* RepositoryRow.swift in Sources */,
				0A9F42B62CA1C28F0091EBD7 /* RepositoryListView.swift in Sources */,
				0AC69E3D2CA92FD3000F59CC /* RepositoryDetailView.swift in Sources */,
				0A9F42B42CA1C28F0091EBD7 /* GitHubRepoViewer_MVVM_RepositoryApp.swift in Sources */,
				0AC69E412CA93245000F59CC /* Repository+Mock.swift in Sources */,
				0AC69E432CA934D7000F59CC /* User+Mock.swift in Sources */,
				0AC69E362CA91E5F000F59CC /* Repository.swift in Sources */,
			);
			runOnlyForDeploymentPostprocessing = 0;
		};
/* End PBXSourcesBuildPhase section */

/* Begin XCBuildConfiguration section */
		0A9F42BC2CA1C2900091EBD7 /* Debug */ = {
			isa = XCBuildConfiguration;
			buildSettings = {
				ALWAYS_SEARCH_USER_PATHS = NO;
				CLANG_ANALYZER_NONNULL = YES;
				CLANG_ANALYZER_NUMBER_OBJECT_CONVERSION = YES_AGGRESSIVE;
				CLANG_CXX_LANGUAGE_STANDARD = "gnu++20";
				CLANG_ENABLE_MODULES = YES;
				CLANG_ENABLE_OBJC_ARC = YES;
				CLANG_ENABLE_OBJC_WEAK = YES;
				CLANG_WARN_BLOCK_CAPTURE_AUTORELEASING = YES;
				CLANG_WARN_BOOL_CONVERSION = YES;
				CLANG_WARN_COMMA = YES;
				CLANG_WARN_CONSTANT_CONVERSION = YES;
				CLANG_WARN_DEPRECATED_OBJC_IMPLEMENTATIONS = YES;
				CLANG_WARN_DIRECT_OBJC_ISA_USAGE = YES_ERROR;
				CLANG_WARN_DOCUMENTATION_COMMENTS = YES;
				CLANG_WARN_EMPTY_BODY = YES;
				CLANG_WARN_ENUM_CONVERSION = YES;
				CLANG_WARN_INFINITE_RECURSION = YES;
				CLANG_WARN_INT_CONVERSION = YES;
				CLANG_WARN_NON_LITERAL_NULL_CONVERSION = YES;
				CLANG_WARN_OBJC_IMPLICIT_RETAIN_SELF = YES;
				CLANG_WARN_OBJC_LITERAL_CONVERSION = YES;
				CLANG_WARN_OBJC_ROOT_CLASS = YES_ERROR;
				CLANG_WARN_QUOTED_INCLUDE_IN_FRAMEWORK_HEADER = YES;
				CLANG_WARN_RANGE_LOOP_ANALYSIS = YES;
				CLANG_WARN_STRICT_PROTOTYPES = YES;
				CLANG_WARN_SUSPICIOUS_MOVE = YES;
				CLANG_WARN_UNGUARDED_AVAILABILITY = YES_AGGRESSIVE;
				CLANG_WARN_UNREACHABLE_CODE = YES;
				CLANG_WARN__DUPLICATE_METHOD_MATCH = YES;
				COPY_PHASE_STRIP = NO;
				DEBUG_INFORMATION_FORMAT = dwarf;
				ENABLE_STRICT_OBJC_MSGSEND = YES;
				ENABLE_TESTABILITY = YES;
				GCC_C_LANGUAGE_STANDARD = gnu11;
				GCC_DYNAMIC_NO_PIC = NO;
				GCC_NO_COMMON_BLOCKS = YES;
				GCC_OPTIMIZATION_LEVEL = 0;
				GCC_PREPROCESSOR_DEFINITIONS = (
					"DEBUG=1",
					"$(inherited)",
				);
				GCC_WARN_64_TO_32_BIT_CONVERSION = YES;
				GCC_WARN_ABOUT_RETURN_TYPE = YES_ERROR;
				GCC_WARN_UNDECLARED_SELECTOR = YES;
				GCC_WARN_UNINITIALIZED_AUTOS = YES_AGGRESSIVE;
				GCC_WARN_UNUSED_FUNCTION = YES;
				GCC_WARN_UNUSED_VARIABLE = YES;
				IPHONEOS_DEPLOYMENT_TARGET = 16.2;
				MTL_ENABLE_DEBUG_INFO = INCLUDE_SOURCE;
				MTL_FAST_MATH = YES;
				ONLY_ACTIVE_ARCH = YES;
				SDKROOT = iphoneos;
				SWIFT_ACTIVE_COMPILATION_CONDITIONS = DEBUG;
				SWIFT_OPTIMIZATION_LEVEL = "-Onone";
			};
			name = Debug;
		};
		0A9F42BD2CA1C2900091EBD7 /* Release */ = {
			isa = XCBuildConfiguration;
			buildSettings = {
				ALWAYS_SEARCH_USER_PATHS = NO;
				CLANG_ANALYZER_NONNULL = YES;
				CLANG_ANALYZER_NUMBER_OBJECT_CONVERSION = YES_AGGRESSIVE;
				CLANG_CXX_LANGUAGE_STANDARD = "gnu++20";
				CLANG_ENABLE_MODULES = YES;
				CLANG_ENABLE_OBJC_ARC = YES;
				CLANG_ENABLE_OBJC_WEAK = YES;
				CLANG_WARN_BLOCK_CAPTURE_AUTORELEASING = YES;
				CLANG_WARN_BOOL_CONVERSION = YES;
				CLANG_WARN_COMMA = YES;
				CLANG_WARN_CONSTANT_CONVERSION = YES;
				CLANG_WARN_DEPRECATED_OBJC_IMPLEMENTATIONS = YES;
				CLANG_WARN_DIRECT_OBJC_ISA_USAGE = YES_ERROR;
				CLANG_WARN_DOCUMENTATION_COMMENTS = YES;
				CLANG_WARN_EMPTY_BODY = YES;
				CLANG_WARN_ENUM_CONVERSION = YES;
				CLANG_WARN_INFINITE_RECURSION = YES;
				CLANG_WARN_INT_CONVERSION = YES;
				CLANG_WARN_NON_LITERAL_NULL_CONVERSION = YES;
				CLANG_WARN_OBJC_IMPLICIT_RETAIN_SELF = YES;
				CLANG_WARN_OBJC_LITERAL_CONVERSION = YES;
				CLANG_WARN_OBJC_ROOT_CLASS = YES_ERROR;
				CLANG_WARN_QUOTED_INCLUDE_IN_FRAMEWORK_HEADER = YES;
				CLANG_WARN_RANGE_LOOP_ANALYSIS = YES;
				CLANG_WARN_STRICT_PROTOTYPES = YES;
				CLANG_WARN_SUSPICIOUS_MOVE = YES;
				CLANG_WARN_UNGUARDED_AVAILABILITY = YES_AGGRESSIVE;
				CLANG_WARN_UNREACHABLE_CODE = YES;
				CLANG_WARN__DUPLICATE_METHOD_MATCH = YES;
				COPY_PHASE_STRIP = NO;
				DEBUG_INFORMATION_FORMAT = "dwarf-with-dsym";
				ENABLE_NS_ASSERTIONS = NO;
				ENABLE_STRICT_OBJC_MSGSEND = YES;
				GCC_C_LANGUAGE_STANDARD = gnu11;
				GCC_NO_COMMON_BLOCKS = YES;
				GCC_WARN_64_TO_32_BIT_CONVERSION = YES;
				GCC_WARN_ABOUT_RETURN_TYPE = YES_ERROR;
				GCC_WARN_UNDECLARED_SELECTOR = YES;
				GCC_WARN_UNINITIALIZED_AUTOS = YES_AGGRESSIVE;
				GCC_WARN_UNUSED_FUNCTION = YES;
				GCC_WARN_UNUSED_VARIABLE = YES;
				IPHONEOS_DEPLOYMENT_TARGET = 16.2;
				MTL_ENABLE_DEBUG_INFO = NO;
				MTL_FAST_MATH = YES;
				SDKROOT = iphoneos;
				SWIFT_COMPILATION_MODE = wholemodule;
				SWIFT_OPTIMIZATION_LEVEL = "-O";
				VALIDATE_PRODUCT = YES;
			};
			name = Release;
		};
		0A9F42BF2CA1C2900091EBD7 /* Debug */ = {
			isa = XCBuildConfiguration;
			buildSettings = {
				ASSETCATALOG_COMPILER_APPICON_NAME = AppIcon;
				ASSETCATALOG_COMPILER_GLOBAL_ACCENT_COLOR_NAME = AccentColor;
				CODE_SIGN_STYLE = Automatic;
				CURRENT_PROJECT_VERSION = 1;
				DEVELOPMENT_ASSET_PATHS = "\"GitHubRepoViewer-MVVM-Repository/Preview Content\"";
				DEVELOPMENT_TEAM = PA93Q42MCT;
				ENABLE_PREVIEWS = YES;
				GENERATE_INFOPLIST_FILE = YES;
				INFOPLIST_KEY_UIApplicationSceneManifest_Generation = YES;
				INFOPLIST_KEY_UIApplicationSupportsIndirectInputEvents = YES;
				INFOPLIST_KEY_UILaunchScreen_Generation = YES;
				INFOPLIST_KEY_UISupportedInterfaceOrientations_iPad = "UIInterfaceOrientationPortrait UIInterfaceOrientationPortraitUpsideDown UIInterfaceOrientationLandscapeLeft UIInterfaceOrientationLandscapeRight";
				INFOPLIST_KEY_UISupportedInterfaceOrientations_iPhone = "UIInterfaceOrientationPortrait UIInterfaceOrientationLandscapeLeft UIInterfaceOrientationLandscapeRight";
				LD_RUNPATH_SEARCH_PATHS = (
					"$(inherited)",
					"@executable_path/Frameworks",
				);
				MARKETING_VERSION = 1.0;
				PRODUCT_BUNDLE_IDENTIFIER = "com.Saga.GitHubRepoViewer-MVVM-Repository";
				PRODUCT_NAME = "$(TARGET_NAME)";
				SWIFT_EMIT_LOC_STRINGS = YES;
				SWIFT_VERSION = 5.0;
				TARGETED_DEVICE_FAMILY = "1,2";
			};
			name = Debug;
		};
		0A9F42C02CA1C2900091EBD7 /* Release */ = {
			isa = XCBuildConfiguration;
			buildSettings = {
				ASSETCATALOG_COMPILER_APPICON_NAME = AppIcon;
				ASSETCATALOG_COMPILER_GLOBAL_ACCENT_COLOR_NAME = AccentColor;
				CODE_SIGN_STYLE = Automatic;
				CURRENT_PROJECT_VERSION = 1;
				DEVELOPMENT_ASSET_PATHS = "\"GitHubRepoViewer-MVVM-Repository/Preview Content\"";
				DEVELOPMENT_TEAM = PA93Q42MCT;
				ENABLE_PREVIEWS = YES;
				GENERATE_INFOPLIST_FILE = YES;
				INFOPLIST_KEY_UIApplicationSceneManifest_Generation = YES;
				INFOPLIST_KEY_UIApplicationSupportsIndirectInputEvents = YES;
				INFOPLIST_KEY_UILaunchScreen_Generation = YES;
				INFOPLIST_KEY_UISupportedInterfaceOrientations_iPad = "UIInterfaceOrientationPortrait UIInterfaceOrientationPortraitUpsideDown UIInterfaceOrientationLandscapeLeft UIInterfaceOrientationLandscapeRight";
				INFOPLIST_KEY_UISupportedInterfaceOrientations_iPhone = "UIInterfaceOrientationPortrait UIInterfaceOrientationLandscapeLeft UIInterfaceOrientationLandscapeRight";
				LD_RUNPATH_SEARCH_PATHS = (
					"$(inherited)",
					"@executable_path/Frameworks",
				);
				MARKETING_VERSION = 1.0;
				PRODUCT_BUNDLE_IDENTIFIER = "com.Saga.GitHubRepoViewer-MVVM-Repository";
				PRODUCT_NAME = "$(TARGET_NAME)";
				SWIFT_EMIT_LOC_STRINGS = YES;
				SWIFT_VERSION = 5.0;
				TARGETED_DEVICE_FAMILY = "1,2";
			};
			name = Release;
		};
/* End XCBuildConfiguration section */

/* Begin XCConfigurationList section */
		0A9F42AB2CA1C28F0091EBD7 /* Build configuration list for PBXProject "GitHubRepoViewer-MVVM-Repository" */ = {
			isa = XCConfigurationList;
			buildConfigurations = (
				0A9F42BC2CA1C2900091EBD7 /* Debug */,
				0A9F42BD2CA1C2900091EBD7 /* Release */,
			);
			defaultConfigurationIsVisible = 0;
			defaultConfigurationName = Release;
		};
		0A9F42BE2CA1C2900091EBD7 /* Build configuration list for PBXNativeTarget "GitHubRepoViewer-MVVM-Repository" */ = {
			isa = XCConfigurationList;
			buildConfigurations = (
				0A9F42BF2CA1C2900091EBD7 /* Debug */,
				0A9F42C02CA1C2900091EBD7 /* Release */,
			);
			defaultConfigurationIsVisible = 0;
			defaultConfigurationName = Release;
		};
/* End XCConfigurationList section */
	};
	rootObject = 0A9F42A82CA1C28F0091EBD7 /* Project object */;
}
